
Microsoft Visual Studio Solution File, Format Version 12.00
# Visual Studio 15
VisualStudioVersion = 15.0.28307.1259
MinimumVisualStudioVersion = 10.0.40219.1
Project("{FAE04EC0-301F-11D3-BF4B-00C04F79EFBC}") = "Angular12", "Angular12\Angular12.csproj", "{A2424475-C866-4958-81BE-99CB800D72F8}"
EndProject
Global
	GlobalSection(SolutionConfigurationPlatforms) = preSolution
		Debug|Any CPU = Debug|Any CPU
		Release|Any CPU = Release|Any CPU
	EndGlobalSection
	GlobalSection(ProjectConfigurationPlatforms) = postSolution
		{A2424475-C866-4958-81BE-99CB800D72F8}.Debug|Any CPU.ActiveCfg = Debug|Any CPU
		{A2424475-C866-4958-81BE-99CB800D72F8}.Debug|Any CPU.Build.0 = Debug|Any CPU
		{A2424475-C866-4958-81BE-99CB800D72F8}.Release|Any CPU.ActiveCfg = Release|Any CPU
		{A2424475-C866-4958-81BE-99CB800D72F8}.Release|Any CPU.Build.0 = Release|Any CPU
	EndGlobalSection
	GlobalSection(SolutionProperties) = preSolution
		HideSolutionNode = FALSE
	EndGlobalSection
	GlobalSection(ExtensibilityGlobals) = postSolution
		SolutionGuid = {64279DAB-EABF-45D2-B0E8-B01A1A3593FF}
	EndGlobalSection
EndGlobal
