
Microsoft Visual Studio Solution File, Format Version 12.00
# Visual Studio 15
VisualStudioVersion = 15.0.28307.1259
MinimumVisualStudioVersion = 10.0.40219.1
Project("{FAE04EC0-301F-11D3-BF4B-00C04F79EFBC}") = "CsharpDelegate", "CsharpDelegate\CsharpDelegate.csproj", "{0418AF36-2140-4AA1-B343-2850907475D8}"
EndProject
Global
	GlobalSection(SolutionConfigurationPlatforms) = preSolution
		Debug|Any CPU = Debug|Any CPU
		Release|Any CPU = Release|Any CPU
	EndGlobalSection
	GlobalSection(ProjectConfigurationPlatforms) = postSolution
		{0418AF36-2140-4AA1-B343-2850907475D8}.Debug|Any CPU.ActiveCfg = Debug|Any CPU
		{0418AF36-2140-4AA1-B343-2850907475D8}.Debug|Any CPU.Build.0 = Debug|Any CPU
		{0418AF36-2140-4AA1-B343-2850907475D8}.Release|Any CPU.ActiveCfg = Release|Any CPU
		{0418AF36-2140-4AA1-B343-2850907475D8}.Release|Any CPU.Build.0 = Release|Any CPU
	EndGlobalSection
	GlobalSection(SolutionProperties) = preSolution
		HideSolutionNode = FALSE
	EndGlobalSection
	GlobalSection(ExtensibilityGlobals) = postSolution
		SolutionGuid = {6B91351A-2733-4581-859B-E0E4B59B42C1}
	EndGlobalSection
EndGlobal
