
Microsoft Visual Studio Solution File, Format Version 12.00
# Visual Studio 15
VisualStudioVersion = 15.0.28307.1259
MinimumVisualStudioVersion = 10.0.40219.1
Project("{FAE04EC0-301F-11D3-BF4B-00C04F79EFBC}") = "html", "html\html.csproj", "{E9AC5B7A-54AF-4937-8392-CDDBACB412C6}"
EndProject
Global
	GlobalSection(SolutionConfigurationPlatforms) = preSolution
		Debug|Any CPU = Debug|Any CPU
		Release|Any CPU = Release|Any CPU
	EndGlobalSection
	GlobalSection(ProjectConfigurationPlatforms) = postSolution
		{E9AC5B7A-54AF-4937-8392-CDDBACB412C6}.Debug|Any CPU.ActiveCfg = Debug|Any CPU
		{E9AC5B7A-54AF-4937-8392-CDDBACB412C6}.Debug|Any CPU.Build.0 = Debug|Any CPU
		{E9AC5B7A-54AF-4937-8392-CDDBACB412C6}.Release|Any CPU.ActiveCfg = Release|Any CPU
		{E9AC5B7A-54AF-4937-8392-CDDBACB412C6}.Release|Any CPU.Build.0 = Release|Any CPU
	EndGlobalSection
	GlobalSection(SolutionProperties) = preSolution
		HideSolutionNode = FALSE
	EndGlobalSection
	GlobalSection(ExtensibilityGlobals) = postSolution
		SolutionGuid = {4AC11149-1753-441B-AD28-E8F6EAB67FA2}
	EndGlobalSection
EndGlobal
