
Microsoft Visual Studio Solution File, Format Version 12.00
# Visual Studio 15
VisualStudioVersion = 15.0.28307.1259
MinimumVisualStudioVersion = 10.0.40219.1
Project("{FAE04EC0-301F-11D3-BF4B-00C04F79EFBC}") = "WindowsFormsAssignement1", "WindowsFormsAssignement1\WindowsFormsAssignement1.csproj", "{7C1C7421-166A-487C-9C85-2C0835027AFB}"
EndProject
Global
	GlobalSection(SolutionConfigurationPlatforms) = preSolution
		Debug|Any CPU = Debug|Any CPU
		Release|Any CPU = Release|Any CPU
	EndGlobalSection
	GlobalSection(ProjectConfigurationPlatforms) = postSolution
		{7C1C7421-166A-487C-9C85-2C0835027AFB}.Debug|Any CPU.ActiveCfg = Debug|Any CPU
		{7C1C7421-166A-487C-9C85-2C0835027AFB}.Debug|Any CPU.Build.0 = Debug|Any CPU
		{7C1C7421-166A-487C-9C85-2C0835027AFB}.Release|Any CPU.ActiveCfg = Release|Any CPU
		{7C1C7421-166A-487C-9C85-2C0835027AFB}.Release|Any CPU.Build.0 = Release|Any CPU
	EndGlobalSection
	GlobalSection(SolutionProperties) = preSolution
		HideSolutionNode = FALSE
	EndGlobalSection
	GlobalSection(ExtensibilityGlobals) = postSolution
		SolutionGuid = {0C375FBF-2A7D-47FD-A126-38DC1C6A6A4D}
	EndGlobalSection
EndGlobal
